
Microsoft Visual Studio Solution File, Format Version 12.00
# Visual Studio Version 17
VisualStudioVersion = 17.8.34408.163
MinimumVisualStudioVersion = 10.0.40219.1
Project("{FAE04EC0-301F-11D3-BF4B-00C04F79EFBC}") = "APPSDEV_QUIZ", "APPSDEV_QUIZ\APPSDEV_QUIZ.csproj", "{E50E4FEC-679B-4027-83EE-2E850814A4A8}"
EndProject
Global
	GlobalSection(SolutionConfigurationPlatforms) = preSolution
		Debug|Any CPU = Debug|Any CPU
		Release|Any CPU = Release|Any CPU
	EndGlobalSection
	GlobalSection(ProjectConfigurationPlatforms) = postSolution
		{E50E4FEC-679B-4027-83EE-2E850814A4A8}.Debug|Any CPU.ActiveCfg = Debug|Any CPU
		{E50E4FEC-679B-4027-83EE-2E850814A4A8}.Debug|Any CPU.Build.0 = Debug|Any CPU
		{E50E4FEC-679B-4027-83EE-2E850814A4A8}.Release|Any CPU.ActiveCfg = Release|Any CPU
		{E50E4FEC-679B-4027-83EE-2E850814A4A8}.Release|Any CPU.Build.0 = Release|Any CPU
	EndGlobalSection
	GlobalSection(SolutionProperties) = preSolution
		HideSolutionNode = FALSE
	EndGlobalSection
	GlobalSection(ExtensibilityGlobals) = postSolution
		SolutionGuid = {EAF9B149-16FD-47E1-BE6A-4A62B4055D32}
	EndGlobalSection
EndGlobal
